
Microsoft Visual Studio Solution File, Format Version 12.00
# Visual Studio 15
VisualStudioVersion = 15.0.28307.539
MinimumVisualStudioVersion = 10.0.40219.1
Project("{8BC9CEB8-8B4A-11D0-8D11-00A0C91BC942}") = "osslsigncode", "osslsigncode.vcxproj", "{2C91BCE0-64C3-4953-AA1E-0AA1ADFD20B8}"
EndProject
Global
	GlobalSection(SolutionConfigurationPlatforms) = preSolution
		Debug|x64 = Debug|x64
		ReleaseNoCurl|x64 = ReleaseNoCurl|x64
	EndGlobalSection
	GlobalSection(ProjectConfigurationPlatforms) = postSolution
		{2C91BCE0-64C3-4953-AA1E-0AA1ADFD20B8}.Debug|x64.ActiveCfg = Debug|x64
		{2C91BCE0-64C3-4953-AA1E-0AA1ADFD20B8}.Debug|x64.Build.0 = Debug|x64
		{2C91BCE0-64C3-4953-AA1E-0AA1ADFD20B8}.ReleaseNoCurl|x64.ActiveCfg = ReleaseNoCurl|x64
		{2C91BCE0-64C3-4953-AA1E-0AA1ADFD20B8}.ReleaseNoCurl|x64.Build.0 = ReleaseNoCurl|x64
	EndGlobalSection
	GlobalSection(SolutionProperties) = preSolution
		HideSolutionNode = FALSE
	EndGlobalSection
	GlobalSection(ExtensibilityGlobals) = postSolution
		SolutionGuid = {A5037AF2-9ED3-42E3-81CF-405E66DC5BA1}
	EndGlobalSection
EndGlobal
